
Microsoft Visual Studio Solution File, Format Version 12.00
# Visual Studio Version 16
VisualStudioVersion = 16.0.29123.88
MinimumVisualStudioVersion = 10.0.40219.1
Project("{FAE04EC0-301F-11D3-BF4B-00C04F79EFBC}") = "Airport", "Airport\Airport.csproj", "{75C604D0-9301-434B-9A9D-CD2418DE9B6C}"
EndProject
Global
	GlobalSection(SolutionConfigurationPlatforms) = preSolution
		Debug|Any CPU = Debug|Any CPU
		Release|Any CPU = Release|Any CPU
	EndGlobalSection
	GlobalSection(ProjectConfigurationPlatforms) = postSolution
		{75C604D0-9301-434B-9A9D-CD2418DE9B6C}.Debug|Any CPU.ActiveCfg = Debug|Any CPU
		{75C604D0-9301-434B-9A9D-CD2418DE9B6C}.Debug|Any CPU.Build.0 = Debug|Any CPU
		{75C604D0-9301-434B-9A9D-CD2418DE9B6C}.Release|Any CPU.ActiveCfg = Release|Any CPU
		{75C604D0-9301-434B-9A9D-CD2418DE9B6C}.Release|Any CPU.Build.0 = Release|Any CPU
	EndGlobalSection
	GlobalSection(SolutionProperties) = preSolution
		HideSolutionNode = FALSE
	EndGlobalSection
	GlobalSection(ExtensibilityGlobals) = postSolution
		SolutionGuid = {D317A715-549F-47B9-BC3F-08A04986BA92}
	EndGlobalSection
EndGlobal
